
Microsoft Visual Studio Solution File, Format Version 12.00
Project("{2150E333-8FDC-42A3-9474-1A3956D46DE8}") = "Presentation", "Presentation", "{ECBDF5A0-163C-4DEF-93FB-BFB2F6C3E32C}"
EndProject
Project("{FAE04EC0-301F-11D3-BF4B-00C04F79EFBC}") = "Animelib.WebApi", "Presentation\Animelib.WebApi\Animelib.WebApi.csproj", "{7FB21477-01EE-4300-B34D-CB66EF4B6067}"
EndProject
Project("{FAE04EC0-301F-11D3-BF4B-00C04F79EFBC}") = "Animelib.Controllers", "Presentation\Animelib.Controllers\Animelib.Controllers.csproj", "{7B760EB8-BCDD-4142-9486-A8B47512B4B6}"
EndProject
Project("{2150E333-8FDC-42A3-9474-1A3956D46DE8}") = "Infrastructure", "Infrastructure", "{BD9C0974-C03F-43F9-A93B-BC7F8A7D51E0}"
EndProject
Project("{FAE04EC0-301F-11D3-BF4B-00C04F79EFBC}") = "Animelib.DataAccess", "Infrastructure\Animelib.DataAccess\Animelib.DataAccess.csproj", "{B1835B5A-EA10-4D81-A20F-ED9820506FC5}"
EndProject
Project("{2150E333-8FDC-42A3-9474-1A3956D46DE8}") = "Domain", "Domain", "{CEE2712F-5171-4791-ACBB-8BC155A89E88}"
EndProject
Project("{FAE04EC0-301F-11D3-BF4B-00C04F79EFBC}") = "Animelib.Core", "Domain\Animelib.Core\Animelib.Core.csproj", "{FBA2BF98-5E02-4418-97C8-3DBA51640ECB}"
EndProject
Project("{2150E333-8FDC-42A3-9474-1A3956D46DE8}") = "Tests", "Tests", "{122368F7-6240-4B31-9A19-D2BF0D2481D5}"
EndProject
Project("{FAE04EC0-301F-11D3-BF4B-00C04F79EFBC}") = "Animelib.UnitTests", "Tests\Animelib.UnitTests\Animelib.UnitTests.csproj", "{23EF27EB-D39F-443C-8DC0-B0E51D523CD0}"
EndProject
Project("{FAE04EC0-301F-11D3-BF4B-00C04F79EFBC}") = "Animelib.Common", "Domain\Animelib.Common\Animelib.Common.csproj", "{EEA311F5-9D00-416D-BBE2-076723942053}"
EndProject
Global
	GlobalSection(SolutionConfigurationPlatforms) = preSolution
		Debug|Any CPU = Debug|Any CPU
		Release|Any CPU = Release|Any CPU
	EndGlobalSection
	GlobalSection(ProjectConfigurationPlatforms) = postSolution
		{7FB21477-01EE-4300-B34D-CB66EF4B6067}.Debug|Any CPU.ActiveCfg = Debug|Any CPU
		{7FB21477-01EE-4300-B34D-CB66EF4B6067}.Debug|Any CPU.Build.0 = Debug|Any CPU
		{7FB21477-01EE-4300-B34D-CB66EF4B6067}.Release|Any CPU.ActiveCfg = Release|Any CPU
		{7FB21477-01EE-4300-B34D-CB66EF4B6067}.Release|Any CPU.Build.0 = Release|Any CPU
		{7B760EB8-BCDD-4142-9486-A8B47512B4B6}.Debug|Any CPU.ActiveCfg = Debug|Any CPU
		{7B760EB8-BCDD-4142-9486-A8B47512B4B6}.Debug|Any CPU.Build.0 = Debug|Any CPU
		{7B760EB8-BCDD-4142-9486-A8B47512B4B6}.Release|Any CPU.ActiveCfg = Release|Any CPU
		{7B760EB8-BCDD-4142-9486-A8B47512B4B6}.Release|Any CPU.Build.0 = Release|Any CPU
		{B1835B5A-EA10-4D81-A20F-ED9820506FC5}.Debug|Any CPU.ActiveCfg = Debug|Any CPU
		{B1835B5A-EA10-4D81-A20F-ED9820506FC5}.Debug|Any CPU.Build.0 = Debug|Any CPU
		{B1835B5A-EA10-4D81-A20F-ED9820506FC5}.Release|Any CPU.ActiveCfg = Release|Any CPU
		{B1835B5A-EA10-4D81-A20F-ED9820506FC5}.Release|Any CPU.Build.0 = Release|Any CPU
		{FBA2BF98-5E02-4418-97C8-3DBA51640ECB}.Debug|Any CPU.ActiveCfg = Debug|Any CPU
		{FBA2BF98-5E02-4418-97C8-3DBA51640ECB}.Debug|Any CPU.Build.0 = Debug|Any CPU
		{FBA2BF98-5E02-4418-97C8-3DBA51640ECB}.Release|Any CPU.ActiveCfg = Release|Any CPU
		{FBA2BF98-5E02-4418-97C8-3DBA51640ECB}.Release|Any CPU.Build.0 = Release|Any CPU
		{23EF27EB-D39F-443C-8DC0-B0E51D523CD0}.Debug|Any CPU.ActiveCfg = Debug|Any CPU
		{23EF27EB-D39F-443C-8DC0-B0E51D523CD0}.Debug|Any CPU.Build.0 = Debug|Any CPU
		{23EF27EB-D39F-443C-8DC0-B0E51D523CD0}.Release|Any CPU.ActiveCfg = Release|Any CPU
		{23EF27EB-D39F-443C-8DC0-B0E51D523CD0}.Release|Any CPU.Build.0 = Release|Any CPU
		{EEA311F5-9D00-416D-BBE2-076723942053}.Debug|Any CPU.ActiveCfg = Debug|Any CPU
		{EEA311F5-9D00-416D-BBE2-076723942053}.Debug|Any CPU.Build.0 = Debug|Any CPU
		{EEA311F5-9D00-416D-BBE2-076723942053}.Release|Any CPU.ActiveCfg = Release|Any CPU
		{EEA311F5-9D00-416D-BBE2-076723942053}.Release|Any CPU.Build.0 = Release|Any CPU
	EndGlobalSection
	GlobalSection(NestedProjects) = preSolution
		{7FB21477-01EE-4300-B34D-CB66EF4B6067} = {ECBDF5A0-163C-4DEF-93FB-BFB2F6C3E32C}
		{7B760EB8-BCDD-4142-9486-A8B47512B4B6} = {ECBDF5A0-163C-4DEF-93FB-BFB2F6C3E32C}
		{B1835B5A-EA10-4D81-A20F-ED9820506FC5} = {BD9C0974-C03F-43F9-A93B-BC7F8A7D51E0}
		{FBA2BF98-5E02-4418-97C8-3DBA51640ECB} = {CEE2712F-5171-4791-ACBB-8BC155A89E88}
		{23EF27EB-D39F-443C-8DC0-B0E51D523CD0} = {122368F7-6240-4B31-9A19-D2BF0D2481D5}
		{EEA311F5-9D00-416D-BBE2-076723942053} = {CEE2712F-5171-4791-ACBB-8BC155A89E88}
	EndGlobalSection
EndGlobal
